
Microsoft Visual Studio Solution File, Format Version 12.00
# Visual Studio Version 17
VisualStudioVersion = 17.8.34330.188
MinimumVisualStudioVersion = 10.0.40219.1
Project("{FAE04EC0-301F-11D3-BF4B-00C04F79EFBC}") = "Exceptions", "Exceptions.csproj", "{B2F4C348-F63F-4B7F-9442-073106E3A84C}"
EndProject
Global
	GlobalSection(SolutionConfigurationPlatforms) = preSolution
		Debug|Any CPU = Debug|Any CPU
		Release|Any CPU = Release|Any CPU
	EndGlobalSection
	GlobalSection(ProjectConfigurationPlatforms) = postSolution
		{B2F4C348-F63F-4B7F-9442-073106E3A84C}.Debug|Any CPU.ActiveCfg = Debug|Any CPU
		{B2F4C348-F63F-4B7F-9442-073106E3A84C}.Debug|Any CPU.Build.0 = Debug|Any CPU
		{B2F4C348-F63F-4B7F-9442-073106E3A84C}.Release|Any CPU.ActiveCfg = Release|Any CPU
		{B2F4C348-F63F-4B7F-9442-073106E3A84C}.Release|Any CPU.Build.0 = Release|Any CPU
	EndGlobalSection
	GlobalSection(SolutionProperties) = preSolution
		HideSolutionNode = FALSE
	EndGlobalSection
	GlobalSection(ExtensibilityGlobals) = postSolution
		SolutionGuid = {992612CD-664B-44AC-9294-8818B54E210E}
	EndGlobalSection
EndGlobal
