
Microsoft Visual Studio Solution File, Format Version 12.00
# Visual Studio Version 17
VisualStudioVersion = 17.4.33213.308
MinimumVisualStudioVersion = 10.0.40219.1
Project("{FAE04EC0-301F-11D3-BF4B-00C04F79EFBC}") = "trycatch", "trycatch.csproj", "{97DB8D6A-4207-4F9A-98F7-9E5259453ED1}"
EndProject
Global
	GlobalSection(SolutionConfigurationPlatforms) = preSolution
		Debug|Any CPU = Debug|Any CPU
		Release|Any CPU = Release|Any CPU
	EndGlobalSection
	GlobalSection(ProjectConfigurationPlatforms) = postSolution
		{97DB8D6A-4207-4F9A-98F7-9E5259453ED1}.Debug|Any CPU.ActiveCfg = Debug|Any CPU
		{97DB8D6A-4207-4F9A-98F7-9E5259453ED1}.Debug|Any CPU.Build.0 = Debug|Any CPU
		{97DB8D6A-4207-4F9A-98F7-9E5259453ED1}.Release|Any CPU.ActiveCfg = Release|Any CPU
		{97DB8D6A-4207-4F9A-98F7-9E5259453ED1}.Release|Any CPU.Build.0 = Release|Any CPU
	EndGlobalSection
	GlobalSection(SolutionProperties) = preSolution
		HideSolutionNode = FALSE
	EndGlobalSection
	GlobalSection(ExtensibilityGlobals) = postSolution
		SolutionGuid = {49805128-7D29-46DA-B3B1-F162FC0B9A67}
	EndGlobalSection
EndGlobal
